
Microsoft Visual Studio Solution File, Format Version 12.00
# Visual Studio Version 17
VisualStudioVersion = 17.11.35327.3
MinimumVisualStudioVersion = 10.0.40219.1
Project("{F184B08F-C81C-45F6-A57F-5ABD9991F28F}") = "Form 3", "Form 3\Form 3.vbproj", "{64D115A5-6000-44C9-B329-C2B98E09B888}"
EndProject
Global
	GlobalSection(SolutionConfigurationPlatforms) = preSolution
		Debug|Any CPU = Debug|Any CPU
		Release|Any CPU = Release|Any CPU
	EndGlobalSection
	GlobalSection(ProjectConfigurationPlatforms) = postSolution
		{64D115A5-6000-44C9-B329-C2B98E09B888}.Debug|Any CPU.ActiveCfg = Debug|Any CPU
		{64D115A5-6000-44C9-B329-C2B98E09B888}.Debug|Any CPU.Build.0 = Debug|Any CPU
		{64D115A5-6000-44C9-B329-C2B98E09B888}.Release|Any CPU.ActiveCfg = Release|Any CPU
		{64D115A5-6000-44C9-B329-C2B98E09B888}.Release|Any CPU.Build.0 = Release|Any CPU
	EndGlobalSection
	GlobalSection(SolutionProperties) = preSolution
		HideSolutionNode = FALSE
	EndGlobalSection
	GlobalSection(ExtensibilityGlobals) = postSolution
		SolutionGuid = {8F8A592F-3A27-4E7E-9C29-9F60598CC1C9}
	EndGlobalSection
EndGlobal
