
Microsoft Visual Studio Solution File, Format Version 12.00
# Visual Studio Version 17
VisualStudioVersion = 17.11.35327.3
MinimumVisualStudioVersion = 10.0.40219.1
Project("{F184B08F-C81C-45F6-A57F-5ABD9991F28F}") = "Q5_VB.NET", "Q5_VB.NET\Q5_VB.NET.vbproj", "{3C0868D7-E1EE-47AB-872E-16830C549AB8}"
EndProject
Global
	GlobalSection(SolutionConfigurationPlatforms) = preSolution
		Debug|Any CPU = Debug|Any CPU
		Release|Any CPU = Release|Any CPU
	EndGlobalSection
	GlobalSection(ProjectConfigurationPlatforms) = postSolution
		{3C0868D7-E1EE-47AB-872E-16830C549AB8}.Debug|Any CPU.ActiveCfg = Debug|Any CPU
		{3C0868D7-E1EE-47AB-872E-16830C549AB8}.Debug|Any CPU.Build.0 = Debug|Any CPU
		{3C0868D7-E1EE-47AB-872E-16830C549AB8}.Release|Any CPU.ActiveCfg = Release|Any CPU
		{3C0868D7-E1EE-47AB-872E-16830C549AB8}.Release|Any CPU.Build.0 = Release|Any CPU
	EndGlobalSection
	GlobalSection(SolutionProperties) = preSolution
		HideSolutionNode = FALSE
	EndGlobalSection
	GlobalSection(ExtensibilityGlobals) = postSolution
		SolutionGuid = {57782528-561A-4861-9029-7DC5ECD8AE4F}
	EndGlobalSection
EndGlobal
