
Microsoft Visual Studio Solution File, Format Version 12.00
# Visual Studio Version 17
VisualStudioVersion = 17.11.35327.3
MinimumVisualStudioVersion = 10.0.40219.1
Project("{FAE04EC0-301F-11D3-BF4B-00C04F79EFBC}") = "Q8_C#", "Q8_C#\Q8_C#.csproj", "{6AFB3167-A025-4AC6-AEEF-DA77680390A3}"
EndProject
Global
	GlobalSection(SolutionConfigurationPlatforms) = preSolution
		Debug|Any CPU = Debug|Any CPU
		Release|Any CPU = Release|Any CPU
	EndGlobalSection
	GlobalSection(ProjectConfigurationPlatforms) = postSolution
		{6AFB3167-A025-4AC6-AEEF-DA77680390A3}.Debug|Any CPU.ActiveCfg = Debug|Any CPU
		{6AFB3167-A025-4AC6-AEEF-DA77680390A3}.Debug|Any CPU.Build.0 = Debug|Any CPU
		{6AFB3167-A025-4AC6-AEEF-DA77680390A3}.Release|Any CPU.ActiveCfg = Release|Any CPU
		{6AFB3167-A025-4AC6-AEEF-DA77680390A3}.Release|Any CPU.Build.0 = Release|Any CPU
	EndGlobalSection
	GlobalSection(SolutionProperties) = preSolution
		HideSolutionNode = FALSE
	EndGlobalSection
	GlobalSection(ExtensibilityGlobals) = postSolution
		SolutionGuid = {8A9CD68E-8BCF-483F-A20A-32E81D3E9606}
	EndGlobalSection
EndGlobal
